
Microsoft Visual Studio Solution File, Format Version 12.00
# Visual Studio Version 17
VisualStudioVersion = 17.14.36109.1 d17.14
MinimumVisualStudioVersion = 10.0.40219.1
Project("{FAE04EC0-301F-11D3-BF4B-00C04F79EFBC}") = "ProyectoFinal_01", "ProyectoFinal_01.csproj", "{6ABAE14E-E084-4F8F-A953-7965AB2159F3}"
EndProject
Global
	GlobalSection(SolutionConfigurationPlatforms) = preSolution
		Debug|Any CPU = Debug|Any CPU
		Release|Any CPU = Release|Any CPU
	EndGlobalSection
	GlobalSection(ProjectConfigurationPlatforms) = postSolution
		{6ABAE14E-E084-4F8F-A953-7965AB2159F3}.Debug|Any CPU.ActiveCfg = Debug|Any CPU
		{6ABAE14E-E084-4F8F-A953-7965AB2159F3}.Debug|Any CPU.Build.0 = Debug|Any CPU
		{6ABAE14E-E084-4F8F-A953-7965AB2159F3}.Release|Any CPU.ActiveCfg = Release|Any CPU
		{6ABAE14E-E084-4F8F-A953-7965AB2159F3}.Release|Any CPU.Build.0 = Release|Any CPU
	EndGlobalSection
	GlobalSection(SolutionProperties) = preSolution
		HideSolutionNode = FALSE
	EndGlobalSection
	GlobalSection(ExtensibilityGlobals) = postSolution
		SolutionGuid = {AC2CE857-20FD-42C5-BC77-8CFC54DD5740}
	EndGlobalSection
EndGlobal
